
Microsoft Visual Studio Solution File, Format Version 12.00
# Visual Studio Version 17
VisualStudioVersion = 17.0.32014.148
MinimumVisualStudioVersion = 10.0.40219.1
Project("{FAE04EC0-301F-11D3-BF4B-00C04F79EFBC}") = "Ejercicio de pilas", "Ejercicio de pilas\Ejercicio de pilas.csproj", "{27D34231-E1D6-4457-9BC5-D758D8E30A06}"
EndProject
Global
	GlobalSection(SolutionConfigurationPlatforms) = preSolution
		Debug|Any CPU = Debug|Any CPU
		Release|Any CPU = Release|Any CPU
	EndGlobalSection
	GlobalSection(ProjectConfigurationPlatforms) = postSolution
		{27D34231-E1D6-4457-9BC5-D758D8E30A06}.Debug|Any CPU.ActiveCfg = Debug|Any CPU
		{27D34231-E1D6-4457-9BC5-D758D8E30A06}.Debug|Any CPU.Build.0 = Debug|Any CPU
		{27D34231-E1D6-4457-9BC5-D758D8E30A06}.Release|Any CPU.ActiveCfg = Release|Any CPU
		{27D34231-E1D6-4457-9BC5-D758D8E30A06}.Release|Any CPU.Build.0 = Release|Any CPU
	EndGlobalSection
	GlobalSection(SolutionProperties) = preSolution
		HideSolutionNode = FALSE
	EndGlobalSection
	GlobalSection(ExtensibilityGlobals) = postSolution
		SolutionGuid = {8D798A64-AC70-445D-8005-DAFE19340133}
	EndGlobalSection
EndGlobal
